
Microsoft Visual Studio Solution File, Format Version 12.00
# Visual Studio Version 16
VisualStudioVersion = 16.0.31911.196
MinimumVisualStudioVersion = 10.0.40219.1
Project("{FAE04EC0-301F-11D3-BF4B-00C04F79EFBC}") = "Сумма чисел", "Сумма чисел.csproj", "{F0DCD217-68DC-4424-A99A-F286FE2C675C}"
EndProject
Global
	GlobalSection(SolutionConfigurationPlatforms) = preSolution
		Debug|Any CPU = Debug|Any CPU
		Release|Any CPU = Release|Any CPU
	EndGlobalSection
	GlobalSection(ProjectConfigurationPlatforms) = postSolution
		{F0DCD217-68DC-4424-A99A-F286FE2C675C}.Debug|Any CPU.ActiveCfg = Debug|Any CPU
		{F0DCD217-68DC-4424-A99A-F286FE2C675C}.Debug|Any CPU.Build.0 = Debug|Any CPU
		{F0DCD217-68DC-4424-A99A-F286FE2C675C}.Release|Any CPU.ActiveCfg = Release|Any CPU
		{F0DCD217-68DC-4424-A99A-F286FE2C675C}.Release|Any CPU.Build.0 = Release|Any CPU
	EndGlobalSection
	GlobalSection(SolutionProperties) = preSolution
		HideSolutionNode = FALSE
	EndGlobalSection
	GlobalSection(ExtensibilityGlobals) = postSolution
		SolutionGuid = {9016B87C-1960-4CD8-808B-81888995AE3F}
	EndGlobalSection
EndGlobal
